
Microsoft Visual Studio Solution File, Format Version 12.00
# Visual Studio Version 16
VisualStudioVersion = 16.0.30225.117
MinimumVisualStudioVersion = 10.0.40219.1
Project("{8BC9CEB8-8B4A-11D0-8D11-00A0C91BC942}") = "2048", "2048.vcxproj", "{05B9B5AB-9DD6-4064-8EC8-5C56B4A14790}"
EndProject
Global
	GlobalSection(SolutionConfigurationPlatforms) = preSolution
		Debug|x64 = Debug|x64
		Debug|x86 = Debug|x86
		Release|x64 = Release|x64
		Release|x86 = Release|x86
	EndGlobalSection
	GlobalSection(ProjectConfigurationPlatforms) = postSolution
		{05B9B5AB-9DD6-4064-8EC8-5C56B4A14790}.Debug|x64.ActiveCfg = Debug|x64
		{05B9B5AB-9DD6-4064-8EC8-5C56B4A14790}.Debug|x64.Build.0 = Debug|x64
		{05B9B5AB-9DD6-4064-8EC8-5C56B4A14790}.Debug|x86.ActiveCfg = Debug|Win32
		{05B9B5AB-9DD6-4064-8EC8-5C56B4A14790}.Debug|x86.Build.0 = Debug|Win32
		{05B9B5AB-9DD6-4064-8EC8-5C56B4A14790}.Release|x64.ActiveCfg = Release|x64
		{05B9B5AB-9DD6-4064-8EC8-5C56B4A14790}.Release|x64.Build.0 = Release|x64
		{05B9B5AB-9DD6-4064-8EC8-5C56B4A14790}.Release|x86.ActiveCfg = Release|Win32
		{05B9B5AB-9DD6-4064-8EC8-5C56B4A14790}.Release|x86.Build.0 = Release|Win32
	EndGlobalSection
	GlobalSection(SolutionProperties) = preSolution
		HideSolutionNode = FALSE
	EndGlobalSection
	GlobalSection(ExtensibilityGlobals) = postSolution
		SolutionGuid = {0578FD02-BC17-46E7-B6E9-431568F49D25}
	EndGlobalSection
EndGlobal
